
Microsoft Visual Studio Solution File, Format Version 12.00
Project("{FAE04EC0-301F-11D3-BF4B-00C04F79EFBC}") = "XLWebServices", "XLWebServices\XLWebServices.csproj", "{9E8557B8-347E-42EF-887D-E1FAAC43C4B8}"
EndProject
Project("{FAE04EC0-301F-11D3-BF4B-00C04F79EFBC}") = "Octokit", "lib\octokit\Octokit\Octokit.csproj", "{E08B95D8-B4A9-4FD0-8671-5141C60431B7}"
EndProject
Global
	GlobalSection(SolutionConfigurationPlatforms) = preSolution
		Debug|Any CPU = Debug|Any CPU
		Release|Any CPU = Release|Any CPU
	EndGlobalSection
	GlobalSection(ProjectConfigurationPlatforms) = postSolution
		{9E8557B8-347E-42EF-887D-E1FAAC43C4B8}.Debug|Any CPU.ActiveCfg = Debug|Any CPU
		{9E8557B8-347E-42EF-887D-E1FAAC43C4B8}.Debug|Any CPU.Build.0 = Debug|Any CPU
		{9E8557B8-347E-42EF-887D-E1FAAC43C4B8}.Release|Any CPU.ActiveCfg = Release|Any CPU
		{9E8557B8-347E-42EF-887D-E1FAAC43C4B8}.Release|Any CPU.Build.0 = Release|Any CPU
		{E08B95D8-B4A9-4FD0-8671-5141C60431B7}.Debug|Any CPU.ActiveCfg = Debug|Any CPU
		{E08B95D8-B4A9-4FD0-8671-5141C60431B7}.Debug|Any CPU.Build.0 = Debug|Any CPU
		{E08B95D8-B4A9-4FD0-8671-5141C60431B7}.Release|Any CPU.ActiveCfg = Release|Any CPU
		{E08B95D8-B4A9-4FD0-8671-5141C60431B7}.Release|Any CPU.Build.0 = Release|Any CPU
	EndGlobalSection
EndGlobal
